
Microsoft Visual Studio Solution File, Format Version 12.00
# Visual Studio Version 17
VisualStudioVersion = 17.12.35527.113 d17.12
MinimumVisualStudioVersion = 10.0.40219.1
Project("{FAE04EC0-301F-11D3-BF4B-00C04F79EFBC}") = "MathClass_C_Sharp", "MathClass_C_Sharp.csproj", "{042BB454-4772-402D-A61D-C77B8680F15F}"
EndProject
Global
	GlobalSection(SolutionConfigurationPlatforms) = preSolution
		Debug|Any CPU = Debug|Any CPU
		Release|Any CPU = Release|Any CPU
	EndGlobalSection
	GlobalSection(ProjectConfigurationPlatforms) = postSolution
		{042BB454-4772-402D-A61D-C77B8680F15F}.Debug|Any CPU.ActiveCfg = Debug|Any CPU
		{042BB454-4772-402D-A61D-C77B8680F15F}.Debug|Any CPU.Build.0 = Debug|Any CPU
		{042BB454-4772-402D-A61D-C77B8680F15F}.Release|Any CPU.ActiveCfg = Release|Any CPU
		{042BB454-4772-402D-A61D-C77B8680F15F}.Release|Any CPU.Build.0 = Release|Any CPU
	EndGlobalSection
	GlobalSection(SolutionProperties) = preSolution
		HideSolutionNode = FALSE
	EndGlobalSection
EndGlobal
